
Microsoft Visual Studio Solution File, Format Version 12.00
# Visual Studio Version 16
VisualStudioVersion = 16.0.31019.35
MinimumVisualStudioVersion = 10.0.40219.1
Project("{FAE04EC0-301F-11D3-BF4B-00C04F79EFBC}") = "Molotok34", "Molotok34\Molotok34.csproj", "{8C8E14E8-E878-4D98-BE9E-ECA125557E4E}"
EndProject
Project("{FAE04EC0-301F-11D3-BF4B-00C04F79EFBC}") = "ApiHost", "ApiHost\ApiHost.csproj", "{A6C41FE9-B672-4B47-836E-DC8B2D63975A}"
EndProject
Global
	GlobalSection(SolutionConfigurationPlatforms) = preSolution
		Debug|Any CPU = Debug|Any CPU
		Release|Any CPU = Release|Any CPU
	EndGlobalSection
	GlobalSection(ProjectConfigurationPlatforms) = postSolution
		{8C8E14E8-E878-4D98-BE9E-ECA125557E4E}.Debug|Any CPU.ActiveCfg = Debug|Any CPU
		{8C8E14E8-E878-4D98-BE9E-ECA125557E4E}.Debug|Any CPU.Build.0 = Debug|Any CPU
		{8C8E14E8-E878-4D98-BE9E-ECA125557E4E}.Release|Any CPU.ActiveCfg = Release|Any CPU
		{8C8E14E8-E878-4D98-BE9E-ECA125557E4E}.Release|Any CPU.Build.0 = Release|Any CPU
		{A6C41FE9-B672-4B47-836E-DC8B2D63975A}.Debug|Any CPU.ActiveCfg = Debug|Any CPU
		{A6C41FE9-B672-4B47-836E-DC8B2D63975A}.Debug|Any CPU.Build.0 = Debug|Any CPU
		{A6C41FE9-B672-4B47-836E-DC8B2D63975A}.Release|Any CPU.ActiveCfg = Release|Any CPU
		{A6C41FE9-B672-4B47-836E-DC8B2D63975A}.Release|Any CPU.Build.0 = Release|Any CPU
	EndGlobalSection
	GlobalSection(SolutionProperties) = preSolution
		HideSolutionNode = FALSE
	EndGlobalSection
	GlobalSection(ExtensibilityGlobals) = postSolution
		SolutionGuid = {AE4CE8C3-92DD-45DB-A8C8-5F71C982BA86}
	EndGlobalSection
EndGlobal
